// !$*UTF8*$!
{
	archiveVersion = 1;
	classes = {
	};
	objectVersion = 50;
	objects = {

/* Begin PBXCopyFilesBuildPhase section */
		ADB66CE02552B5E600ED5F20 /* CopyFiles */ = {
			isa = PBXCopyFilesBuildPhase;
			buildActionMask = 2147483647;
			dstPath = /usr/share/man/man1/;
			dstSubfolderSpec = 0;
			files = (
			);
			runOnlyForDeploymentPostprocessing = 1;
		};
/* End PBXCopyFilesBuildPhase section */

/* Begin PBXFileReference section */
		AD1B4FA825D40CC000D026FD /* hw_10_27_fgets.c */ = {isa = PBXFileReference; lastKnownFileType = sourcecode.c.c; path = hw_10_27_fgets.c; sourceTree = "<group>"; };
		AD1B4FA925D40CC000D026FD /* hw_10_27_sort_bin_file.c */ = {isa = PBXFileReference; lastKnownFileType = sourcecode.c.c; path = hw_10_27_sort_bin_file.c; sourceTree = "<group>"; };
		AD1B4FAB25D40CC000D026FD /* hw_10_06_comparing_two_files.c */ = {isa = PBXFileReference; lastKnownFileType = sourcecode.c.c; path = hw_10_06_comparing_two_files.c; sourceTree = "<group>"; };
		AD1B4FAD25D40CC000D026FD /* task_2.c */ = {isa = PBXFileReference; lastKnownFileType = sourcecode.c.c; path = task_2.c; sourceTree = "<group>"; };
		AD1B4FAE25D40CC000D026FD /* task_1.c */ = {isa = PBXFileReference; lastKnownFileType = sourcecode.c.c; path = task_1.c; sourceTree = "<group>"; };
		AD1B4FAF25D40CC000D026FD /* README.md */ = {isa = PBXFileReference; lastKnownFileType = net.daringfireball.markdown; path = README.md; sourceTree = "<group>"; };
		AD1B4FB025D40CC000D026FD /* task_3.c */ = {isa = PBXFileReference; lastKnownFileType = sourcecode.c.c; path = task_3.c; sourceTree = "<group>"; };
		AD1B4FB225D40CC000D026FD /* task_2.c */ = {isa = PBXFileReference; lastKnownFileType = sourcecode.c.c; path = task_2.c; sourceTree = "<group>"; };
		AD1B4FB325D40CC000D026FD /* task_5.c */ = {isa = PBXFileReference; lastKnownFileType = sourcecode.c.c; path = task_5.c; sourceTree = "<group>"; };
		AD1B4FB425D40CC000D026FD /* task_1.c */ = {isa = PBXFileReference; lastKnownFileType = sourcecode.c.c; path = task_1.c; sourceTree = "<group>"; };
		AD1B4FB525D40CC000D026FD /* README.md */ = {isa = PBXFileReference; lastKnownFileType = net.daringfireball.markdown; path = README.md; sourceTree = "<group>"; };
		AD1B4FB625D40CC000D026FD /* task_4.c */ = {isa = PBXFileReference; lastKnownFileType = sourcecode.c.c; path = task_4.c; sourceTree = "<group>"; };
		AD1B4FB725D40CC000D026FD /* task_3.c */ = {isa = PBXFileReference; lastKnownFileType = sourcecode.c.c; path = task_3.c; sourceTree = "<group>"; };
		AD1B4FB925D40CC000D026FD /* ht_2.c */ = {isa = PBXFileReference; lastKnownFileType = sourcecode.c.c; path = ht_2.c; sourceTree = "<group>"; };
		AD1B4FBB25D40CC000D026FD /* task_2.c */ = {isa = PBXFileReference; lastKnownFileType = sourcecode.c.c; path = task_2.c; sourceTree = "<group>"; };
		AD1B4FBC25D40CC000D026FD /* task_1.c */ = {isa = PBXFileReference; lastKnownFileType = sourcecode.c.c; path = task_1.c; sourceTree = "<group>"; };
		AD1B4FBD25D40CC000D026FD /* README.md */ = {isa = PBXFileReference; lastKnownFileType = net.daringfireball.markdown; path = README.md; sourceTree = "<group>"; };
		AD1B4FBF25D40CC000D026FD /* hw_09_29_stack_deque.c */ = {isa = PBXFileReference; lastKnownFileType = sourcecode.c.c; path = hw_09_29_stack_deque.c; sourceTree = "<group>"; };
		AD1B4FC025D40CC000D026FD /* hw_09_29_find_names.c */ = {isa = PBXFileReference; lastKnownFileType = sourcecode.c.c; path = hw_09_29_find_names.c; sourceTree = "<group>"; };
		AD1B4FC125D40CC000D026FD /* hw_09_29_cross_references.c */ = {isa = PBXFileReference; lastKnownFileType = sourcecode.c.c; path = hw_09_29_cross_references.c; sourceTree = "<group>"; };
		AD1B4FC225D40CC000D026FD /* hw_09_29_bin_tree.c */ = {isa = PBXFileReference; lastKnownFileType = sourcecode.c.c; path = hw_09_29_bin_tree.c; sourceTree = "<group>"; };
		AD1B4FC325D40CC000D026FD /* hw_09_29_lines.c */ = {isa = PBXFileReference; lastKnownFileType = sourcecode.c.c; path = hw_09_29_lines.c; sourceTree = "<group>"; };
		AD1B4FC525D40CC000D026FD /* ht_1_1.c */ = {isa = PBXFileReference; lastKnownFileType = sourcecode.c.c; path = ht_1_1.c; sourceTree = "<group>"; };
		AD1B4FC725D40CC000D026FD /* hw_09_22.c */ = {isa = PBXFileReference; lastKnownFileType = sourcecode.c.c; path = hw_09_22.c; sourceTree = "<group>"; };
		AD1B4FC925D40DF400D026FD /* shell.c */ = {isa = PBXFileReference; lastKnownFileType = sourcecode.c.c; path = shell.c; sourceTree = "<group>"; };
		AD1B4FD225D43B6700D026FD /* task3.c */ = {isa = PBXFileReference; lastKnownFileType = sourcecode.c.c; path = task3.c; sourceTree = "<group>"; };
		AD1B4FD325D43B6700D026FD /* README.md */ = {isa = PBXFileReference; lastKnownFileType = net.daringfireball.markdown; path = README.md; sourceTree = "<group>"; };
		AD1B4FD425D43B6700D026FD /* task2.c */ = {isa = PBXFileReference; lastKnownFileType = sourcecode.c.c; path = task2.c; sourceTree = "<group>"; };
		AD1B4FD525D43B6700D026FD /* task1.c */ = {isa = PBXFileReference; lastKnownFileType = sourcecode.c.c; path = task1.c; sourceTree = "<group>"; };
		ADB66CE22552B5E600ED5F20 /* msu-prac */ = {isa = PBXFileReference; explicitFileType = "compiled.mach-o.executable"; includeInIndex = 0; name = "msu-prac"; path = "/Users/evgenijgoncarenko/Desktop/msu-prac/build/Debug/msu-prac"; sourceTree = "<absolute>"; };
		ADB66D0A2552B89700ED5F20 /* converting_utf8_to_utf16.c */ = {isa = PBXFileReference; lastKnownFileType = sourcecode.c.c; path = converting_utf8_to_utf16.c; sourceTree = "<group>"; };
		ADB66D0B2552B89700ED5F20 /* converting_utf16_to_utf8.c */ = {isa = PBXFileReference; lastKnownFileType = sourcecode.c.c; path = converting_utf16_to_utf8.c; sourceTree = "<group>"; };
		ADB66D0D2552B89700ED5F20 /* be263A.ucs */ = {isa = PBXFileReference; lastKnownFileType = text; path = be263A.ucs; sourceTree = "<group>"; };
		ADB66D0E2552B89700ED5F20 /* letextbad2.ucs */ = {isa = PBXFileReference; lastKnownFileType = file; path = letextbad2.ucs; sourceTree = "<group>"; };
		ADB66D0F2552B89700ED5F20 /* betext.ucs */ = {isa = PBXFileReference; lastKnownFileType = text; path = betext.ucs; sourceTree = "<group>"; };
		ADB66D102552B89700ED5F20 /* letextbad1.ucs */ = {isa = PBXFileReference; lastKnownFileType = file; path = letextbad1.ucs; sourceTree = "<group>"; };
		ADB66D112552B89700ED5F20 /* be42f.ucs */ = {isa = PBXFileReference; lastKnownFileType = text; path = be42f.ucs; sourceTree = "<group>"; };
		ADB66D122552B89700ED5F20 /* leempty.ucs */ = {isa = PBXFileReference; lastKnownFileType = text; path = leempty.ucs; sourceTree = "<group>"; };
		ADB66D132552B89700ED5F20 /* empty.utf */ = {isa = PBXFileReference; lastKnownFileType = text; path = empty.utf; sourceTree = "<group>"; };
		ADB66D142552B89700ED5F20 /* beempty.ucs */ = {isa = PBXFileReference; lastKnownFileType = text; path = beempty.ucs; sourceTree = "<group>"; };
		ADB66D152552B89700ED5F20 /* letext.ucs */ = {isa = PBXFileReference; lastKnownFileType = text; path = letext.ucs; sourceTree = "<group>"; };
		ADB66D162552B89700ED5F20 /* 30.utf */ = {isa = PBXFileReference; lastKnownFileType = text; path = 30.utf; sourceTree = "<group>"; };
		ADB66D172552B89700ED5F20 /* textbad1.utf */ = {isa = PBXFileReference; lastKnownFileType = text; path = textbad1.utf; sourceTree = "<group>"; };
		ADB66D182552B89700ED5F20 /* 263A.utf */ = {isa = PBXFileReference; lastKnownFileType = text; path = 263A.utf; sourceTree = "<group>"; };
		ADB66D192552B89700ED5F20 /* textbad2.utf */ = {isa = PBXFileReference; lastKnownFileType = text; path = textbad2.utf; sourceTree = "<group>"; };
		ADB66D1A2552B89700ED5F20 /* le30.ucs */ = {isa = PBXFileReference; lastKnownFileType = text; path = le30.ucs; sourceTree = "<group>"; };
		ADB66D1B2552B89700ED5F20 /* le263A.ucs */ = {isa = PBXFileReference; lastKnownFileType = text; path = le263A.ucs; sourceTree = "<group>"; };
		ADB66D1C2552B89700ED5F20 /* le42f.ucs */ = {isa = PBXFileReference; lastKnownFileType = text; path = le42f.ucs; sourceTree = "<group>"; };
		ADB66D1D2552B89700ED5F20 /* betextbad1.ucs */ = {isa = PBXFileReference; lastKnownFileType = file; path = betextbad1.ucs; sourceTree = "<group>"; };
		ADB66D1E2552B89700ED5F20 /* text.utf */ = {isa = PBXFileReference; lastKnownFileType = text; path = text.utf; sourceTree = "<group>"; };
		ADB66D1F2552B89700ED5F20 /* betextbad2.ucs */ = {isa = PBXFileReference; lastKnownFileType = file; path = betextbad2.ucs; sourceTree = "<group>"; };
		ADB66D202552B89700ED5F20 /* 42f.utf */ = {isa = PBXFileReference; lastKnownFileType = text; path = 42f.utf; sourceTree = "<group>"; };
		ADB66D212552B89700ED5F20 /* be30.ucs */ = {isa = PBXFileReference; lastKnownFileType = text; path = be30.ucs; sourceTree = "<group>"; };
		ADB66D222552B89700ED5F20 /* README.md */ = {isa = PBXFileReference; lastKnownFileType = net.daringfireball.markdown; path = README.md; sourceTree = "<group>"; };
		ADB66D242552B89700ED5F20 /* README.md */ = {isa = PBXFileReference; lastKnownFileType = net.daringfireball.markdown; path = README.md; sourceTree = "<group>"; };
		ADB66D252552B89700ED5F20 /* prog */ = {isa = PBXFileReference; lastKnownFileType = "compiled.mach-o.executable"; path = prog; sourceTree = "<group>"; };
		ADB66D262552B89700ED5F20 /* main.c */ = {isa = PBXFileReference; lastKnownFileType = sourcecode.c.c; path = main.c; sourceTree = "<group>"; };
		ADB66D272552B89700ED5F20 /* f.txt */ = {isa = PBXFileReference; lastKnownFileType = text; path = f.txt; sourceTree = "<group>"; };
		ADB66D282552B89700ED5F20 /* dict.txt */ = {isa = PBXFileReference; lastKnownFileType = text; path = dict.txt; sourceTree = "<group>"; };
		ADB66D292552B8A200ED5F20 /* README.md */ = {isa = PBXFileReference; lastKnownFileType = net.daringfireball.markdown; path = README.md; sourceTree = "<group>"; };
/* End PBXFileReference section */

/* Begin PBXFrameworksBuildPhase section */
		ADB66CDF2552B5E600ED5F20 /* Frameworks */ = {
			isa = PBXFrameworksBuildPhase;
			buildActionMask = 2147483647;
			files = (
			);
			runOnlyForDeploymentPostprocessing = 0;
		};
/* End PBXFrameworksBuildPhase section */

/* Begin PBXGroup section */
		AD1B4FA725D40CC000D026FD /* hw_10_27 */ = {
			isa = PBXGroup;
			children = (
				AD1B4FA825D40CC000D026FD /* hw_10_27_fgets.c */,
				AD1B4FA925D40CC000D026FD /* hw_10_27_sort_bin_file.c */,
			);
			path = hw_10_27;
			sourceTree = "<group>";
		};
		AD1B4FAA25D40CC000D026FD /* hw_10_06 */ = {
			isa = PBXGroup;
			children = (
				AD1B4FAB25D40CC000D026FD /* hw_10_06_comparing_two_files.c */,
			);
			path = hw_10_06;
			sourceTree = "<group>";
		};
		AD1B4FAC25D40CC000D026FD /* hw_12_15 */ = {
			isa = PBXGroup;
			children = (
				AD1B4FAE25D40CC000D026FD /* task_1.c */,
				AD1B4FAD25D40CC000D026FD /* task_2.c */,
				AD1B4FB025D40CC000D026FD /* task_3.c */,
				AD1B4FAF25D40CC000D026FD /* README.md */,
			);
			path = hw_12_15;
			sourceTree = "<group>";
		};
		AD1B4FB125D40CC000D026FD /* hw_11_10 */ = {
			isa = PBXGroup;
			children = (
				AD1B4FB425D40CC000D026FD /* task_1.c */,
				AD1B4FB225D40CC000D026FD /* task_2.c */,
				AD1B4FB725D40CC000D026FD /* task_3.c */,
				AD1B4FB625D40CC000D026FD /* task_4.c */,
				AD1B4FB325D40CC000D026FD /* task_5.c */,
				AD1B4FB525D40CC000D026FD /* README.md */,
			);
			path = hw_11_10;
			sourceTree = "<group>";
		};
		AD1B4FB825D40CC000D026FD /* hw_09_15 */ = {
			isa = PBXGroup;
			children = (
				AD1B4FB925D40CC000D026FD /* ht_2.c */,
			);
			path = hw_09_15;
			sourceTree = "<group>";
		};
		AD1B4FBA25D40CC000D026FD /* hw_11_17 */ = {
			isa = PBXGroup;
			children = (
				AD1B4FBC25D40CC000D026FD /* task_1.c */,
				AD1B4FBB25D40CC000D026FD /* task_2.c */,
				AD1B4FBD25D40CC000D026FD /* README.md */,
			);
			path = hw_11_17;
			sourceTree = "<group>";
		};
		AD1B4FBE25D40CC000D026FD /* hw_09_29 */ = {
			isa = PBXGroup;
			children = (
				AD1B4FBF25D40CC000D026FD /* hw_09_29_stack_deque.c */,
				AD1B4FC025D40CC000D026FD /* hw_09_29_find_names.c */,
				AD1B4FC125D40CC000D026FD /* hw_09_29_cross_references.c */,
				AD1B4FC225D40CC000D026FD /* hw_09_29_bin_tree.c */,
				AD1B4FC325D40CC000D026FD /* hw_09_29_lines.c */,
			);
			path = hw_09_29;
			sourceTree = "<group>";
		};
		AD1B4FC425D40CC000D026FD /* hw_09_08 */ = {
			isa = PBXGroup;
			children = (
				AD1B4FC525D40CC000D026FD /* ht_1_1.c */,
			);
			path = hw_09_08;
			sourceTree = "<group>";
		};
		AD1B4FC625D40CC000D026FD /* hw_09_22 */ = {
			isa = PBXGroup;
			children = (
				AD1B4FC725D40CC000D026FD /* hw_09_22.c */,
			);
			path = hw_09_22;
			sourceTree = "<group>";
		};
		AD1B4FC825D40DF400D026FD /* shell */ = {
			isa = PBXGroup;
			children = (
				AD1B4FC925D40DF400D026FD /* shell.c */,
			);
			name = shell;
			path = projects/shell;
			sourceTree = SOURCE_ROOT;
		};
		AD1B4FD125D43B6700D026FD /* test */ = {
			isa = PBXGroup;
			children = (
				AD1B4FD525D43B6700D026FD /* task1.c */,
				AD1B4FD425D43B6700D026FD /* task2.c */,
				AD1B4FD225D43B6700D026FD /* task3.c */,
				AD1B4FD325D43B6700D026FD /* README.md */,
			);
			path = test;
			sourceTree = "<group>";
		};
		ADB66CD92552B5E600ED5F20 = {
			isa = PBXGroup;
			children = (
				ADB66D082552B89700ED5F20 /* projects */,
				AD1B4FC425D40CC000D026FD /* hw_09_08 */,
				AD1B4FB825D40CC000D026FD /* hw_09_15 */,
				AD1B4FC625D40CC000D026FD /* hw_09_22 */,
				AD1B4FBE25D40CC000D026FD /* hw_09_29 */,
				AD1B4FAA25D40CC000D026FD /* hw_10_06 */,
				AD1B4FA725D40CC000D026FD /* hw_10_27 */,
				AD1B4FB125D40CC000D026FD /* hw_11_10 */,
				AD1B4FBA25D40CC000D026FD /* hw_11_17 */,
				AD1B4FAC25D40CC000D026FD /* hw_12_15 */,
				AD1B4FD125D43B6700D026FD /* test */,
				ADB66D292552B8A200ED5F20 /* README.md */,
			);
			sourceTree = "<group>";
		};
		ADB66D082552B89700ED5F20 /* projects */ = {
			isa = PBXGroup;
			children = (
				ADB66D092552B89700ED5F20 /* converter_of_character_encodings */,
				ADB66D232552B89700ED5F20 /* frequency_dictionary */,
				AD1B4FC825D40DF400D026FD /* shell */,
			);
			path = projects;
			sourceTree = "<group>";
		};
		ADB66D092552B89700ED5F20 /* converter_of_character_encodings */ = {
			isa = PBXGroup;
			children = (
				ADB66D0A2552B89700ED5F20 /* converting_utf8_to_utf16.c */,
				ADB66D0B2552B89700ED5F20 /* converting_utf16_to_utf8.c */,
				ADB66D0C2552B89700ED5F20 /* tests */,
				ADB66D222552B89700ED5F20 /* README.md */,
			);
			path = converter_of_character_encodings;
			sourceTree = "<group>";
		};
		ADB66D0C2552B89700ED5F20 /* tests */ = {
			isa = PBXGroup;
			children = (
				ADB66D0D2552B89700ED5F20 /* be263A.ucs */,
				ADB66D0E2552B89700ED5F20 /* letextbad2.ucs */,
				ADB66D0F2552B89700ED5F20 /* betext.ucs */,
				ADB66D102552B89700ED5F20 /* letextbad1.ucs */,
				ADB66D112552B89700ED5F20 /* be42f.ucs */,
				ADB66D122552B89700ED5F20 /* leempty.ucs */,
				ADB66D132552B89700ED5F20 /* empty.utf */,
				ADB66D142552B89700ED5F20 /* beempty.ucs */,
				ADB66D152552B89700ED5F20 /* letext.ucs */,
				ADB66D162552B89700ED5F20 /* 30.utf */,
				ADB66D172552B89700ED5F20 /* textbad1.utf */,
				ADB66D182552B89700ED5F20 /* 263A.utf */,
				ADB66D192552B89700ED5F20 /* textbad2.utf */,
				ADB66D1A2552B89700ED5F20 /* le30.ucs */,
				ADB66D1B2552B89700ED5F20 /* le263A.ucs */,
				ADB66D1C2552B89700ED5F20 /* le42f.ucs */,
				ADB66D1D2552B89700ED5F20 /* betextbad1.ucs */,
				ADB66D1E2552B89700ED5F20 /* text.utf */,
				ADB66D1F2552B89700ED5F20 /* betextbad2.ucs */,
				ADB66D202552B89700ED5F20 /* 42f.utf */,
				ADB66D212552B89700ED5F20 /* be30.ucs */,
			);
			path = tests;
			sourceTree = "<group>";
		};
		ADB66D232552B89700ED5F20 /* frequency_dictionary */ = {
			isa = PBXGroup;
			children = (
				ADB66D282552B89700ED5F20 /* dict.txt */,
				ADB66D272552B89700ED5F20 /* f.txt */,
				ADB66D262552B89700ED5F20 /* main.c */,
				ADB66D252552B89700ED5F20 /* prog */,
				ADB66D242552B89700ED5F20 /* README.md */,
			);
			path = frequency_dictionary;
			sourceTree = "<group>";
		};
/* End PBXGroup section */

/* Begin PBXNativeTarget section */
		ADB66CE12552B5E600ED5F20 /* msu-prac */ = {
			isa = PBXNativeTarget;
			buildConfigurationList = ADB66CE92552B5E600ED5F20 /* Build configuration list for PBXNativeTarget "msu-prac" */;
			buildPhases = (
				ADB66CDE2552B5E600ED5F20 /* Sources */,
				ADB66CDF2552B5E600ED5F20 /* Frameworks */,
				ADB66CE02552B5E600ED5F20 /* CopyFiles */,
			);
			buildRules = (
			);
			dependencies = (
			);
			name = "msu-prac";
			productName = "msu-prac";
			productReference = ADB66CE22552B5E600ED5F20 /* msu-prac */;
			productType = "com.apple.product-type.tool";
		};
/* End PBXNativeTarget section */

/* Begin PBXProject section */
		ADB66CDA2552B5E600ED5F20 /* Project object */ = {
			isa = PBXProject;
			attributes = {
				LastUpgradeCheck = 1210;
				TargetAttributes = {
					ADB66CE12552B5E600ED5F20 = {
						CreatedOnToolsVersion = 12.1;
					};
				};
			};
			buildConfigurationList = ADB66CDD2552B5E600ED5F20 /* Build configuration list for PBXProject "msu-prac" */;
			compatibilityVersion = "Xcode 9.3";
			developmentRegion = en;
			hasScannedForEncodings = 0;
			knownRegions = (
				en,
				Base,
			);
			mainGroup = ADB66CD92552B5E600ED5F20;
			productRefGroup = ADB66CD92552B5E600ED5F20;
			projectDirPath = "";
			projectRoot = "";
			targets = (
				ADB66CE12552B5E600ED5F20 /* msu-prac */,
			);
		};
/* End PBXProject section */

/* Begin PBXSourcesBuildPhase section */
		ADB66CDE2552B5E600ED5F20 /* Sources */ = {
			isa = PBXSourcesBuildPhase;
			buildActionMask = 2147483647;
			files = (
			);
			runOnlyForDeploymentPostprocessing = 0;
		};
/* End PBXSourcesBuildPhase section */

/* Begin XCBuildConfiguration section */
		ADB66CE72552B5E600ED5F20 /* Debug */ = {
			isa = XCBuildConfiguration;
			buildSettings = {
				ALWAYS_SEARCH_USER_PATHS = NO;
				CLANG_ANALYZER_NONNULL = YES;
				CLANG_ANALYZER_NUMBER_OBJECT_CONVERSION = YES_AGGRESSIVE;
				CLANG_CXX_LANGUAGE_STANDARD = "gnu++14";
				CLANG_CXX_LIBRARY = "libc++";
				CLANG_ENABLE_MODULES = YES;
				CLANG_ENABLE_OBJC_ARC = YES;
				CLANG_ENABLE_OBJC_WEAK = YES;
				CLANG_WARN_BLOCK_CAPTURE_AUTORELEASING = YES;
				CLANG_WARN_BOOL_CONVERSION = YES;
				CLANG_WARN_COMMA = YES;
				CLANG_WARN_CONSTANT_CONVERSION = YES;
				CLANG_WARN_DEPRECATED_OBJC_IMPLEMENTATIONS = YES;
				CLANG_WARN_DIRECT_OBJC_ISA_USAGE = YES_ERROR;
				CLANG_WARN_DOCUMENTATION_COMMENTS = YES;
				CLANG_WARN_EMPTY_BODY = YES;
				CLANG_WARN_ENUM_CONVERSION = YES;
				CLANG_WARN_INFINITE_RECURSION = YES;
				CLANG_WARN_INT_CONVERSION = YES;
				CLANG_WARN_NON_LITERAL_NULL_CONVERSION = YES;
				CLANG_WARN_OBJC_IMPLICIT_RETAIN_SELF = YES;
				CLANG_WARN_OBJC_LITERAL_CONVERSION = YES;
				CLANG_WARN_OBJC_ROOT_CLASS = YES_ERROR;
				CLANG_WARN_QUOTED_INCLUDE_IN_FRAMEWORK_HEADER = YES;
				CLANG_WARN_RANGE_LOOP_ANALYSIS = YES;
				CLANG_WARN_STRICT_PROTOTYPES = YES;
				CLANG_WARN_SUSPICIOUS_MOVE = YES;
				CLANG_WARN_UNGUARDED_AVAILABILITY = YES_AGGRESSIVE;
				CLANG_WARN_UNREACHABLE_CODE = YES;
				CLANG_WARN__DUPLICATE_METHOD_MATCH = YES;
				COPY_PHASE_STRIP = NO;
				DEBUG_INFORMATION_FORMAT = dwarf;
				ENABLE_STRICT_OBJC_MSGSEND = YES;
				ENABLE_TESTABILITY = YES;
				GCC_C_LANGUAGE_STANDARD = gnu11;
				GCC_DYNAMIC_NO_PIC = NO;
				GCC_NO_COMMON_BLOCKS = YES;
				GCC_OPTIMIZATION_LEVEL = 0;
				GCC_PREPROCESSOR_DEFINITIONS = (
					"DEBUG=1",
					"$(inherited)",
				);
				GCC_WARN_64_TO_32_BIT_CONVERSION = YES;
				GCC_WARN_ABOUT_RETURN_TYPE = YES_ERROR;
				GCC_WARN_UNDECLARED_SELECTOR = YES;
				GCC_WARN_UNINITIALIZED_AUTOS = YES_AGGRESSIVE;
				GCC_WARN_UNUSED_FUNCTION = YES;
				GCC_WARN_UNUSED_VARIABLE = YES;
				MACOSX_DEPLOYMENT_TARGET = 10.15;
				MTL_ENABLE_DEBUG_INFO = INCLUDE_SOURCE;
				MTL_FAST_MATH = YES;
				ONLY_ACTIVE_ARCH = YES;
				SDKROOT = macosx;
			};
			name = Debug;
		};
		ADB66CE82552B5E600ED5F20 /* Release */ = {
			isa = XCBuildConfiguration;
			buildSettings = {
				ALWAYS_SEARCH_USER_PATHS = NO;
				CLANG_ANALYZER_NONNULL = YES;
				CLANG_ANALYZER_NUMBER_OBJECT_CONVERSION = YES_AGGRESSIVE;
				CLANG_CXX_LANGUAGE_STANDARD = "gnu++14";
				CLANG_CXX_LIBRARY = "libc++";
				CLANG_ENABLE_MODULES = YES;
				CLANG_ENABLE_OBJC_ARC = YES;
				CLANG_ENABLE_OBJC_WEAK = YES;
				CLANG_WARN_BLOCK_CAPTURE_AUTORELEASING = YES;
				CLANG_WARN_BOOL_CONVERSION = YES;
				CLANG_WARN_COMMA = YES;
				CLANG_WARN_CONSTANT_CONVERSION = YES;
				CLANG_WARN_DEPRECATED_OBJC_IMPLEMENTATIONS = YES;
				CLANG_WARN_DIRECT_OBJC_ISA_USAGE = YES_ERROR;
				CLANG_WARN_DOCUMENTATION_COMMENTS = YES;
				CLANG_WARN_EMPTY_BODY = YES;
				CLANG_WARN_ENUM_CONVERSION = YES;
				CLANG_WARN_INFINITE_RECURSION = YES;
				CLANG_WARN_INT_CONVERSION = YES;
				CLANG_WARN_NON_LITERAL_NULL_CONVERSION = YES;
				CLANG_WARN_OBJC_IMPLICIT_RETAIN_SELF = YES;
				CLANG_WARN_OBJC_LITERAL_CONVERSION = YES;
				CLANG_WARN_OBJC_ROOT_CLASS = YES_ERROR;
				CLANG_WARN_QUOTED_INCLUDE_IN_FRAMEWORK_HEADER = YES;
				CLANG_WARN_RANGE_LOOP_ANALYSIS = YES;
				CLANG_WARN_STRICT_PROTOTYPES = YES;
				CLANG_WARN_SUSPICIOUS_MOVE = YES;
				CLANG_WARN_UNGUARDED_AVAILABILITY = YES_AGGRESSIVE;
				CLANG_WARN_UNREACHABLE_CODE = YES;
				CLANG_WARN__DUPLICATE_METHOD_MATCH = YES;
				COPY_PHASE_STRIP = NO;
				DEBUG_INFORMATION_FORMAT = "dwarf-with-dsym";
				ENABLE_NS_ASSERTIONS = NO;
				ENABLE_STRICT_OBJC_MSGSEND = YES;
				GCC_C_LANGUAGE_STANDARD = gnu11;
				GCC_NO_COMMON_BLOCKS = YES;
				GCC_WARN_64_TO_32_BIT_CONVERSION = YES;
				GCC_WARN_ABOUT_RETURN_TYPE = YES_ERROR;
				GCC_WARN_UNDECLARED_SELECTOR = YES;
				GCC_WARN_UNINITIALIZED_AUTOS = YES_AGGRESSIVE;
				GCC_WARN_UNUSED_FUNCTION = YES;
				GCC_WARN_UNUSED_VARIABLE = YES;
				MACOSX_DEPLOYMENT_TARGET = 10.15;
				MTL_ENABLE_DEBUG_INFO = NO;
				MTL_FAST_MATH = YES;
				SDKROOT = macosx;
			};
			name = Release;
		};
		ADB66CEA2552B5E600ED5F20 /* Debug */ = {
			isa = XCBuildConfiguration;
			buildSettings = {
				CODE_SIGN_STYLE = Automatic;
				DEVELOPMENT_TEAM = UQHH9ZC9FS;
				ENABLE_HARDENED_RUNTIME = YES;
				PRODUCT_NAME = "$(TARGET_NAME)";
			};
			name = Debug;
		};
		ADB66CEB2552B5E600ED5F20 /* Release */ = {
			isa = XCBuildConfiguration;
			buildSettings = {
				CODE_SIGN_STYLE = Automatic;
				DEVELOPMENT_TEAM = UQHH9ZC9FS;
				ENABLE_HARDENED_RUNTIME = YES;
				PRODUCT_NAME = "$(TARGET_NAME)";
			};
			name = Release;
		};
/* End XCBuildConfiguration section */

/* Begin XCConfigurationList section */
		ADB66CDD2552B5E600ED5F20 /* Build configuration list for PBXProject "msu-prac" */ = {
			isa = XCConfigurationList;
			buildConfigurations = (
				ADB66CE72552B5E600ED5F20 /* Debug */,
				ADB66CE82552B5E600ED5F20 /* Release */,
			);
			defaultConfigurationIsVisible = 0;
			defaultConfigurationName = Release;
		};
		ADB66CE92552B5E600ED5F20 /* Build configuration list for PBXNativeTarget "msu-prac" */ = {
			isa = XCConfigurationList;
			buildConfigurations = (
				ADB66CEA2552B5E600ED5F20 /* Debug */,
				ADB66CEB2552B5E600ED5F20 /* Release */,
			);
			defaultConfigurationIsVisible = 0;
			defaultConfigurationName = Release;
		};
/* End XCConfigurationList section */
	};
	rootObject = ADB66CDA2552B5E600ED5F20 /* Project object */;
}
