<?xml version="1.0" encoding="utf-8"?>
<Project ToolsVersion="4.0" xmlns="http://schemas.microsoft.com/developer/msbuild/2003">
  <ItemGroup>
    <Filter Include="Source Files">
      <UniqueIdentifier>{4FC737F1-C7A5-4376-A066-2A32D752A2FF}</UniqueIdentifier>
      <Extensions>cpp;c;cc;cxx;def;odl;idl;hpj;bat;asm;asmx</Extensions>
    </Filter>
    <Filter Include="Header Files">
      <UniqueIdentifier>{93995380-89BD-4b04-88EB-625FBE52EBFB}</UniqueIdentifier>
      <Extensions>h;hpp;hxx;hm;inl;inc;xsd</Extensions>
    </Filter>
    <Filter Include="Resource Files">
      <UniqueIdentifier>{67DA6AB6-F800-4c08-8B7A-83BB121AAD01}</UniqueIdentifier>
      <Extensions>rc;ico;cur;bmp;dlg;rc2;rct;bin;rgs;gif;jpg;jpeg;jpe;resx;tiff;tif;png;wav;mfcribbon-ms</Extensions>
    </Filter>
  </ItemGroup>
  <ItemGroup>
    <None Include="ReadMe.txt" />
  </ItemGroup>
  <ItemGroup>
    <ClInclude Include="stdafx.h">
      <Filter>Header Files</Filter>
    </ClInclude>
    <ClInclude Include="targetver.h">
      <Filter>Header Files</Filter>
    </ClInclude>
    <ClInclude Include="RMUDLLPriv.h">
      <Filter>Header Files</Filter>
    </ClInclude>
    <ClInclude Include="RMUUtilDLL.h">
      <Filter>Header Files</Filter>
    </ClInclude>
    <ClInclude Include="resource.h">
      <Filter>Header Files</Filter>
    </ClInclude>
    <ClInclude Include="..\SourceBase\MaxMorphFiles\RMStock.h">
      <Filter>Header Files</Filter>
    </ClInclude>
    <ClInclude Include="..\SourceBase\MaxMorphFiles\RMStockData.h">
      <Filter>Header Files</Filter>
    </ClInclude>
    <ClInclude Include="..\SourceBase\MaxMorphFiles\RMStockManager.h">
      <Filter>Header Files</Filter>
    </ClInclude>
    <ClInclude Include="..\SourceBase\MaxMorphFiles\RMUnit.h">
      <Filter>Header Files</Filter>
    </ClInclude>
    <ClInclude Include="..\SourceBase\MaxMorphFiles\Lib\FileConfig.h">
      <Filter>Header Files</Filter>
    </ClInclude>
    <ClInclude Include="..\SourceBase\MaxMorphFiles\Lib\FileStreamBase.h">
      <Filter>Header Files</Filter>
    </ClInclude>
    <ClInclude Include="..\SourceBase\MaxMorphFiles\Lib\SCArray.h">
      <Filter>Header Files</Filter>
    </ClInclude>
    <ClInclude Include="..\SourceBase\MaxMorphFiles\Lib\String.h">
      <Filter>Header Files</Filter>
    </ClInclude>
    <ClInclude Include="..\SourceBase\MaxMorphFiles\Lib\Xception.h">
      <Filter>Header Files</Filter>
    </ClInclude>
    <ClInclude Include="..\SourceBase\MaxMorphFiles\Lib\Xml.h">
      <Filter>Header Files</Filter>
    </ClInclude>
  </ItemGroup>
  <ItemGroup>
    <ClCompile Include="stdafx.cpp">
      <Filter>Source Files</Filter>
    </ClCompile>
    <ClCompile Include="RMUDLL.cpp">
      <Filter>Source Files</Filter>
    </ClCompile>
    <ClCompile Include="dllmain.cpp">
      <Filter>Source Files</Filter>
    </ClCompile>
    <ClCompile Include="Encode.cpp">
      <Filter>Source Files</Filter>
    </ClCompile>
    <ClCompile Include="LexIterator.cpp">
      <Filter>Source Files</Filter>
    </ClCompile>
    <ClCompile Include="UtilImpl.cpp">
      <Filter>Source Files</Filter>
    </ClCompile>
    <ClCompile Include="..\SourceBase\MaxMorphFiles\Lib\FileConfig.cpp">
      <Filter>Source Files</Filter>
    </ClCompile>
    <ClCompile Include="..\SourceBase\MaxMorphFiles\Lib\FileStream.cpp">
      <Filter>Source Files</Filter>
    </ClCompile>
    <ClCompile Include="..\SourceBase\MaxMorphFiles\RMStock.cpp">
      <Filter>Source Files</Filter>
    </ClCompile>
    <ClCompile Include="..\SourceBase\MaxMorphFiles\RMStockData.cpp">
      <Filter>Source Files</Filter>
    </ClCompile>
    <ClCompile Include="..\SourceBase\MaxMorphFiles\RMStockManager.cpp">
      <Filter>Source Files</Filter>
    </ClCompile>
    <ClCompile Include="..\SourceBase\MaxMorphFiles\RMUnit.cpp">
      <Filter>Source Files</Filter>
    </ClCompile>
    <ClCompile Include="..\SourceBase\MaxMorphFiles\Lib\String.cpp">
      <Filter>Source Files</Filter>
    </ClCompile>
    <ClCompile Include="..\SourceBase\MaxMorphFiles\Lib\Xception.cpp">
      <Filter>Source Files</Filter>
    </ClCompile>
    <ClCompile Include="..\SourceBase\MaxMorphFiles\Lib\Xml.cpp">
      <Filter>Source Files</Filter>
    </ClCompile>
  </ItemGroup>
  <ItemGroup>
    <ResourceCompile Include="RMUDLL.rc">
      <Filter>Resource Files</Filter>
    </ResourceCompile>
  </ItemGroup>
</Project>